// !$*UTF8*$!
{
	archiveVersion = 1;
	classes = {
	};
	objectVersion = 55;
	objects = {

/* Begin PBXBuildFile section */
		F6879F3A27A1F3DC0022C3F0 /* Oracle_Code_ChallengeApp.swift in Sources */ = {isa = PBXBuildFile; fileRef = F6879F3927A1F3DC0022C3F0 /* Oracle_Code_ChallengeApp.swift */; };
		F6879F3C27A1F3DC0022C3F0 /* TopQuestionListView.swift in Sources */ = {isa = PBXBuildFile; fileRef = F6879F3B27A1F3DC0022C3F0 /* TopQuestionListView.swift */; };
		F6879F3E27A1F3DC0022C3F0 /* Assets.xcassets in Resources */ = {isa = PBXBuildFile; fileRef = F6879F3D27A1F3DC0022C3F0 /* Assets.xcassets */; };
		F6879F4127A1F3DC0022C3F0 /* Preview Assets.xcassets in Resources */ = {isa = PBXBuildFile; fileRef = F6879F4027A1F3DC0022C3F0 /* Preview Assets.xcassets */; };
		F6BD36CF27A2056D00792F5D /* CounterView.swift in Sources */ = {isa = PBXBuildFile; fileRef = F6BD36CE27A2056D00792F5D /* CounterView.swift */; };
		F6BD36D227A2066F00792F5D /* Enums.swift in Sources */ = {isa = PBXBuildFile; fileRef = F6BD36D127A2066F00792F5D /* Enums.swift */; };
		F6BD36D527A2099D00792F5D /* QuestionCellView.swift in Sources */ = {isa = PBXBuildFile; fileRef = F6BD36D427A2099D00792F5D /* QuestionCellView.swift */; };
		F6BD36D827A2108400792F5D /* TopQuestionsResponseModel.swift in Sources */ = {isa = PBXBuildFile; fileRef = F6BD36D727A2108400792F5D /* TopQuestionsResponseModel.swift */; };
		F6BD36DC27A21B0F00792F5D /* QuestionDetailView.swift in Sources */ = {isa = PBXBuildFile; fileRef = F6BD36DB27A21B0F00792F5D /* QuestionDetailView.swift */; };
		F6BD36DF27A221D800792F5D /* QuestionDetailBodyView.swift in Sources */ = {isa = PBXBuildFile; fileRef = F6BD36DE27A221D800792F5D /* QuestionDetailBodyView.swift */; };
		F6BD36E227A233A300792F5D /* TopQuestionListViewModel.swift in Sources */ = {isa = PBXBuildFile; fileRef = F6BD36E127A233A300792F5D /* TopQuestionListViewModel.swift */; };
		F6BD36E527A2385800792F5D /* NetworkManager.swift in Sources */ = {isa = PBXBuildFile; fileRef = F6BD36E427A2385800792F5D /* NetworkManager.swift */; };
		F6BD36E727A23E5800792F5D /* TopQuestionsFixedModel.swift in Sources */ = {isa = PBXBuildFile; fileRef = F6BD36E627A23E5800792F5D /* TopQuestionsFixedModel.swift */; };
		F6BD36EA27A265DC00792F5D /* QuestionDetailViewModel.swift in Sources */ = {isa = PBXBuildFile; fileRef = F6BD36E927A265DC00792F5D /* QuestionDetailViewModel.swift */; };
		F6BD36FA27A2F35300792F5D /* TopQuestionListViewModelProtocol.swift in Sources */ = {isa = PBXBuildFile; fileRef = F6BD36F927A2F35300792F5D /* TopQuestionListViewModelProtocol.swift */; };
		F6BD36FD27A2F46500792F5D /* TopQuestionListViewModelMock.swift in Sources */ = {isa = PBXBuildFile; fileRef = F6BD36FC27A2F46500792F5D /* TopQuestionListViewModelMock.swift */; };
		F6BD36FE27A2F4FA00792F5D /* TopQuestionListViewModelProtocol.swift in Sources */ = {isa = PBXBuildFile; fileRef = F6BD36F927A2F35300792F5D /* TopQuestionListViewModelProtocol.swift */; };
		F6BD36FF27A2F55900792F5D /* TopQuestionsFixedModel.swift in Sources */ = {isa = PBXBuildFile; fileRef = F6BD36E627A23E5800792F5D /* TopQuestionsFixedModel.swift */; };
		F6BD370127A2F85D00792F5D /* OracleCodeChallengeTests.swift in Sources */ = {isa = PBXBuildFile; fileRef = F6BD370027A2F85D00792F5D /* OracleCodeChallengeTests.swift */; };
		F6BD370327A2FDE800792F5D /* QuestionDetailViewModelProtocol.swift in Sources */ = {isa = PBXBuildFile; fileRef = F6BD370227A2FDE800792F5D /* QuestionDetailViewModelProtocol.swift */; };
		F6BD370527A2FEB100792F5D /* QuestionDetailViewModelMock.swift in Sources */ = {isa = PBXBuildFile; fileRef = F6BD370427A2FEB100792F5D /* QuestionDetailViewModelMock.swift */; };
		F6BD370627A2FEED00792F5D /* QuestionDetailViewModelProtocol.swift in Sources */ = {isa = PBXBuildFile; fileRef = F6BD370227A2FDE800792F5D /* QuestionDetailViewModelProtocol.swift */; };
/* End PBXBuildFile section */

/* Begin PBXContainerItemProxy section */
		F6BD36F327A267CD00792F5D /* PBXContainerItemProxy */ = {
			isa = PBXContainerItemProxy;
			containerPortal = F6879F2E27A1F3DC0022C3F0 /* Project object */;
			proxyType = 1;
			remoteGlobalIDString = F6879F3527A1F3DC0022C3F0;
			remoteInfo = "Oracle Code Challenge";
		};
/* End PBXContainerItemProxy section */

/* Begin PBXFileReference section */
		F6879F3627A1F3DC0022C3F0 /* Oracle Code Challenge.app */ = {isa = PBXFileReference; explicitFileType = wrapper.application; includeInIndex = 0; path = "Oracle Code Challenge.app"; sourceTree = BUILT_PRODUCTS_DIR; };
		F6879F3927A1F3DC0022C3F0 /* Oracle_Code_ChallengeApp.swift */ = {isa = PBXFileReference; lastKnownFileType = sourcecode.swift; path = Oracle_Code_ChallengeApp.swift; sourceTree = "<group>"; };
		F6879F3B27A1F3DC0022C3F0 /* TopQuestionListView.swift */ = {isa = PBXFileReference; lastKnownFileType = sourcecode.swift; path = TopQuestionListView.swift; sourceTree = "<group>"; };
		F6879F3D27A1F3DC0022C3F0 /* Assets.xcassets */ = {isa = PBXFileReference; lastKnownFileType = folder.assetcatalog; path = Assets.xcassets; sourceTree = "<group>"; };
		F6879F4027A1F3DC0022C3F0 /* Preview Assets.xcassets */ = {isa = PBXFileReference; lastKnownFileType = folder.assetcatalog; path = "Preview Assets.xcassets"; sourceTree = "<group>"; };
		F6BD36CE27A2056D00792F5D /* CounterView.swift */ = {isa = PBXFileReference; lastKnownFileType = sourcecode.swift; path = CounterView.swift; sourceTree = "<group>"; };
		F6BD36D127A2066F00792F5D /* Enums.swift */ = {isa = PBXFileReference; lastKnownFileType = sourcecode.swift; path = Enums.swift; sourceTree = "<group>"; };
		F6BD36D427A2099D00792F5D /* QuestionCellView.swift */ = {isa = PBXFileReference; lastKnownFileType = sourcecode.swift; path = QuestionCellView.swift; sourceTree = "<group>"; };
		F6BD36D727A2108400792F5D /* TopQuestionsResponseModel.swift */ = {isa = PBXFileReference; lastKnownFileType = sourcecode.swift; path = TopQuestionsResponseModel.swift; sourceTree = "<group>"; };
		F6BD36DB27A21B0F00792F5D /* QuestionDetailView.swift */ = {isa = PBXFileReference; lastKnownFileType = sourcecode.swift; path = QuestionDetailView.swift; sourceTree = "<group>"; };
		F6BD36DE27A221D800792F5D /* QuestionDetailBodyView.swift */ = {isa = PBXFileReference; lastKnownFileType = sourcecode.swift; path = QuestionDetailBodyView.swift; sourceTree = "<group>"; };
		F6BD36E127A233A300792F5D /* TopQuestionListViewModel.swift */ = {isa = PBXFileReference; lastKnownFileType = sourcecode.swift; path = TopQuestionListViewModel.swift; sourceTree = "<group>"; };
		F6BD36E427A2385800792F5D /* NetworkManager.swift */ = {isa = PBXFileReference; lastKnownFileType = sourcecode.swift; path = NetworkManager.swift; sourceTree = "<group>"; };
		F6BD36E627A23E5800792F5D /* TopQuestionsFixedModel.swift */ = {isa = PBXFileReference; lastKnownFileType = sourcecode.swift; path = TopQuestionsFixedModel.swift; sourceTree = "<group>"; };
		F6BD36E927A265DC00792F5D /* QuestionDetailViewModel.swift */ = {isa = PBXFileReference; lastKnownFileType = sourcecode.swift; path = QuestionDetailViewModel.swift; sourceTree = "<group>"; };
		F6BD36EF27A267CD00792F5D /* Oracle Code ChallengeTests.xctest */ = {isa = PBXFileReference; explicitFileType = wrapper.cfbundle; includeInIndex = 0; path = "Oracle Code ChallengeTests.xctest"; sourceTree = BUILT_PRODUCTS_DIR; };
		F6BD36F927A2F35300792F5D /* TopQuestionListViewModelProtocol.swift */ = {isa = PBXFileReference; lastKnownFileType = sourcecode.swift; path = TopQuestionListViewModelProtocol.swift; sourceTree = "<group>"; };
		F6BD36FC27A2F46500792F5D /* TopQuestionListViewModelMock.swift */ = {isa = PBXFileReference; lastKnownFileType = sourcecode.swift; path = TopQuestionListViewModelMock.swift; sourceTree = "<group>"; };
		F6BD370027A2F85D00792F5D /* OracleCodeChallengeTests.swift */ = {isa = PBXFileReference; lastKnownFileType = sourcecode.swift; path = OracleCodeChallengeTests.swift; sourceTree = "<group>"; };
		F6BD370227A2FDE800792F5D /* QuestionDetailViewModelProtocol.swift */ = {isa = PBXFileReference; lastKnownFileType = sourcecode.swift; path = QuestionDetailViewModelProtocol.swift; sourceTree = "<group>"; };
		F6BD370427A2FEB100792F5D /* QuestionDetailViewModelMock.swift */ = {isa = PBXFileReference; lastKnownFileType = sourcecode.swift; path = QuestionDetailViewModelMock.swift; sourceTree = "<group>"; };
/* End PBXFileReference section */

/* Begin PBXFrameworksBuildPhase section */
		F6879F3327A1F3DC0022C3F0 /* Frameworks */ = {
			isa = PBXFrameworksBuildPhase;
			buildActionMask = 2147483647;
			files = (
			);
			runOnlyForDeploymentPostprocessing = 0;
		};
		F6BD36EC27A267CD00792F5D /* Frameworks */ = {
			isa = PBXFrameworksBuildPhase;
			buildActionMask = 2147483647;
			files = (
			);
			runOnlyForDeploymentPostprocessing = 0;
		};
/* End PBXFrameworksBuildPhase section */

/* Begin PBXGroup section */
		F6879F2D27A1F3DC0022C3F0 = {
			isa = PBXGroup;
			children = (
				F6879F3827A1F3DC0022C3F0 /* Oracle Code Challenge */,
				F6BD36F027A267CD00792F5D /* Oracle Code ChallengeTests */,
				F6879F3727A1F3DC0022C3F0 /* Products */,
			);
			sourceTree = "<group>";
		};
		F6879F3727A1F3DC0022C3F0 /* Products */ = {
			isa = PBXGroup;
			children = (
				F6879F3627A1F3DC0022C3F0 /* Oracle Code Challenge.app */,
				F6BD36EF27A267CD00792F5D /* Oracle Code ChallengeTests.xctest */,
			);
			name = Products;
			sourceTree = "<group>";
		};
		F6879F3827A1F3DC0022C3F0 /* Oracle Code Challenge */ = {
			isa = PBXGroup;
			children = (
				F6BD36CC27A2043100792F5D /* Framework */,
				F6879F4727A1F42E0022C3F0 /* AppDelegate */,
				F6879F4A27A1F4BA0022C3F0 /* Modules */,
				F6879F4827A1F43B0022C3F0 /* Supporting Files */,
				F6879F3F27A1F3DC0022C3F0 /* Preview Content */,
			);
			path = "Oracle Code Challenge";
			sourceTree = "<group>";
		};
		F6879F3F27A1F3DC0022C3F0 /* Preview Content */ = {
			isa = PBXGroup;
			children = (
				F6879F4027A1F3DC0022C3F0 /* Preview Assets.xcassets */,
			);
			path = "Preview Content";
			sourceTree = "<group>";
		};
		F6879F4727A1F42E0022C3F0 /* AppDelegate */ = {
			isa = PBXGroup;
			children = (
				F6879F3927A1F3DC0022C3F0 /* Oracle_Code_ChallengeApp.swift */,
			);
			path = AppDelegate;
			sourceTree = "<group>";
		};
		F6879F4827A1F43B0022C3F0 /* Supporting Files */ = {
			isa = PBXGroup;
			children = (
				F6879F4927A1F4680022C3F0 /* Resources */,
			);
			path = "Supporting Files";
			sourceTree = "<group>";
		};
		F6879F4927A1F4680022C3F0 /* Resources */ = {
			isa = PBXGroup;
			children = (
				F6879F3D27A1F3DC0022C3F0 /* Assets.xcassets */,
			);
			path = Resources;
			sourceTree = "<group>";
		};
		F6879F4A27A1F4BA0022C3F0 /* Modules */ = {
			isa = PBXGroup;
			children = (
				F6BD36F827A2F32800792F5D /* Protocols */,
				F6879F4B27A1F4DB0022C3F0 /* Top Question List */,
				F6BD36D927A21ADD00792F5D /* Question Detail */,
			);
			path = Modules;
			sourceTree = "<group>";
		};
		F6879F4B27A1F4DB0022C3F0 /* Top Question List */ = {
			isa = PBXGroup;
			children = (
				F6BD36E027A2338800792F5D /* ViewModel */,
				F6BD36D627A2106900792F5D /* Model */,
				F6879F4C27A1F5200022C3F0 /* View */,
			);
			path = "Top Question List";
			sourceTree = "<group>";
		};
		F6879F4C27A1F5200022C3F0 /* View */ = {
			isa = PBXGroup;
			children = (
				F6879F3B27A1F3DC0022C3F0 /* TopQuestionListView.swift */,
			);
			path = View;
			sourceTree = "<group>";
		};
		F6BD36CC27A2043100792F5D /* Framework */ = {
			isa = PBXGroup;
			children = (
				F6BD36D027A2065C00792F5D /* Enums */,
				F6BD36CD27A2052000792F5D /* Counter */,
				F6BD36D327A2096600792F5D /* Question Cell */,
				F6BD36DD27A221A100792F5D /* Question Detail Body */,
				F6BD36E327A237CE00792F5D /* Network */,
			);
			path = Framework;
			sourceTree = "<group>";
		};
		F6BD36CD27A2052000792F5D /* Counter */ = {
			isa = PBXGroup;
			children = (
				F6BD36CE27A2056D00792F5D /* CounterView.swift */,
			);
			path = Counter;
			sourceTree = "<group>";
		};
		F6BD36D027A2065C00792F5D /* Enums */ = {
			isa = PBXGroup;
			children = (
				F6BD36D127A2066F00792F5D /* Enums.swift */,
			);
			path = Enums;
			sourceTree = "<group>";
		};
		F6BD36D327A2096600792F5D /* Question Cell */ = {
			isa = PBXGroup;
			children = (
				F6BD36D427A2099D00792F5D /* QuestionCellView.swift */,
			);
			path = "Question Cell";
			sourceTree = "<group>";
		};
		F6BD36D627A2106900792F5D /* Model */ = {
			isa = PBXGroup;
			children = (
				F6BD36D727A2108400792F5D /* TopQuestionsResponseModel.swift */,
				F6BD36E627A23E5800792F5D /* TopQuestionsFixedModel.swift */,
			);
			path = Model;
			sourceTree = "<group>";
		};
		F6BD36D927A21ADD00792F5D /* Question Detail */ = {
			isa = PBXGroup;
			children = (
				F6BD36E827A265BD00792F5D /* ViewModel */,
				F6BD36DA27A21AF700792F5D /* View */,
			);
			path = "Question Detail";
			sourceTree = "<group>";
		};
		F6BD36DA27A21AF700792F5D /* View */ = {
			isa = PBXGroup;
			children = (
				F6BD36DB27A21B0F00792F5D /* QuestionDetailView.swift */,
			);
			path = View;
			sourceTree = "<group>";
		};
		F6BD36DD27A221A100792F5D /* Question Detail Body */ = {
			isa = PBXGroup;
			children = (
				F6BD36DE27A221D800792F5D /* QuestionDetailBodyView.swift */,
			);
			path = "Question Detail Body";
			sourceTree = "<group>";
		};
		F6BD36E027A2338800792F5D /* ViewModel */ = {
			isa = PBXGroup;
			children = (
				F6BD36E127A233A300792F5D /* TopQuestionListViewModel.swift */,
			);
			path = ViewModel;
			sourceTree = "<group>";
		};
		F6BD36E327A237CE00792F5D /* Network */ = {
			isa = PBXGroup;
			children = (
				F6BD36E427A2385800792F5D /* NetworkManager.swift */,
			);
			path = Network;
			sourceTree = "<group>";
		};
		F6BD36E827A265BD00792F5D /* ViewModel */ = {
			isa = PBXGroup;
			children = (
				F6BD36E927A265DC00792F5D /* QuestionDetailViewModel.swift */,
			);
			path = ViewModel;
			sourceTree = "<group>";
		};
		F6BD36F027A267CD00792F5D /* Oracle Code ChallengeTests */ = {
			isa = PBXGroup;
			children = (
				F6BD36FB27A2F40800792F5D /* TopQuestionListTests */,
			);
			path = "Oracle Code ChallengeTests";
			sourceTree = "<group>";
		};
		F6BD36F827A2F32800792F5D /* Protocols */ = {
			isa = PBXGroup;
			children = (
				F6BD36F927A2F35300792F5D /* TopQuestionListViewModelProtocol.swift */,
				F6BD370227A2FDE800792F5D /* QuestionDetailViewModelProtocol.swift */,
			);
			path = Protocols;
			sourceTree = "<group>";
		};
		F6BD36FB27A2F40800792F5D /* TopQuestionListTests */ = {
			isa = PBXGroup;
			children = (
				F6BD36FC27A2F46500792F5D /* TopQuestionListViewModelMock.swift */,
				F6BD370427A2FEB100792F5D /* QuestionDetailViewModelMock.swift */,
				F6BD370027A2F85D00792F5D /* OracleCodeChallengeTests.swift */,
			);
			path = TopQuestionListTests;
			sourceTree = "<group>";
		};
/* End PBXGroup section */

/* Begin PBXNativeTarget section */
		F6879F3527A1F3DC0022C3F0 /* Oracle Code Challenge */ = {
			isa = PBXNativeTarget;
			buildConfigurationList = F6879F4427A1F3DC0022C3F0 /* Build configuration list for PBXNativeTarget "Oracle Code Challenge" */;
			buildPhases = (
				F6879F3227A1F3DC0022C3F0 /* Sources */,
				F6879F3327A1F3DC0022C3F0 /* Frameworks */,
				F6879F3427A1F3DC0022C3F0 /* Resources */,
			);
			buildRules = (
			);
			dependencies = (
			);
			name = "Oracle Code Challenge";
			productName = "Oracle Code Challenge";
			productReference = F6879F3627A1F3DC0022C3F0 /* Oracle Code Challenge.app */;
			productType = "com.apple.product-type.application";
		};
		F6BD36EE27A267CD00792F5D /* Oracle Code ChallengeTests */ = {
			isa = PBXNativeTarget;
			buildConfigurationList = F6BD36F527A267CD00792F5D /* Build configuration list for PBXNativeTarget "Oracle Code ChallengeTests" */;
			buildPhases = (
				F6BD36EB27A267CD00792F5D /* Sources */,
				F6BD36EC27A267CD00792F5D /* Frameworks */,
				F6BD36ED27A267CD00792F5D /* Resources */,
			);
			buildRules = (
			);
			dependencies = (
				F6BD36F427A267CD00792F5D /* PBXTargetDependency */,
			);
			name = "Oracle Code ChallengeTests";
			productName = "Oracle Code ChallengeTests";
			productReference = F6BD36EF27A267CD00792F5D /* Oracle Code ChallengeTests.xctest */;
			productType = "com.apple.product-type.bundle.unit-test";
		};
/* End PBXNativeTarget section */

/* Begin PBXProject section */
		F6879F2E27A1F3DC0022C3F0 /* Project object */ = {
			isa = PBXProject;
			attributes = {
				BuildIndependentTargetsInParallel = 1;
				LastSwiftUpdateCheck = 1320;
				LastUpgradeCheck = 1320;
				TargetAttributes = {
					F6879F3527A1F3DC0022C3F0 = {
						CreatedOnToolsVersion = 13.2.1;
					};
					F6BD36EE27A267CD00792F5D = {
						CreatedOnToolsVersion = 13.2.1;
						TestTargetID = F6879F3527A1F3DC0022C3F0;
					};
				};
			};
			buildConfigurationList = F6879F3127A1F3DC0022C3F0 /* Build configuration list for PBXProject "Oracle Code Challenge" */;
			compatibilityVersion = "Xcode 13.0";
			developmentRegion = en;
			hasScannedForEncodings = 0;
			knownRegions = (
				en,
				Base,
			);
			mainGroup = F6879F2D27A1F3DC0022C3F0;
			productRefGroup = F6879F3727A1F3DC0022C3F0 /* Products */;
			projectDirPath = "";
			projectRoot = "";
			targets = (
				F6879F3527A1F3DC0022C3F0 /* Oracle Code Challenge */,
				F6BD36EE27A267CD00792F5D /* Oracle Code ChallengeTests */,
			);
		};
/* End PBXProject section */

/* Begin PBXResourcesBuildPhase section */
		F6879F3427A1F3DC0022C3F0 /* Resources */ = {
			isa = PBXResourcesBuildPhase;
			buildActionMask = 2147483647;
			files = (
				F6879F4127A1F3DC0022C3F0 /* Preview Assets.xcassets in Resources */,
				F6879F3E27A1F3DC0022C3F0 /* Assets.xcassets in Resources */,
			);
			runOnlyForDeploymentPostprocessing = 0;
		};
		F6BD36ED27A267CD00792F5D /* Resources */ = {
			isa = PBXResourcesBuildPhase;
			buildActionMask = 2147483647;
			files = (
			);
			runOnlyForDeploymentPostprocessing = 0;
		};
/* End PBXResourcesBuildPhase section */

/* Begin PBXSourcesBuildPhase section */
		F6879F3227A1F3DC0022C3F0 /* Sources */ = {
			isa = PBXSourcesBuildPhase;
			buildActionMask = 2147483647;
			files = (
				F6879F3C27A1F3DC0022C3F0 /* TopQuestionListView.swift in Sources */,
				F6879F3A27A1F3DC0022C3F0 /* Oracle_Code_ChallengeApp.swift in Sources */,
				F6BD36E527A2385800792F5D /* NetworkManager.swift in Sources */,
				F6BD36FA27A2F35300792F5D /* TopQuestionListViewModelProtocol.swift in Sources */,
				F6BD36EA27A265DC00792F5D /* QuestionDetailViewModel.swift in Sources */,
				F6BD370327A2FDE800792F5D /* QuestionDetailViewModelProtocol.swift in Sources */,
				F6BD36D227A2066F00792F5D /* Enums.swift in Sources */,
				F6BD36D527A2099D00792F5D /* QuestionCellView.swift in Sources */,
				F6BD36DF27A221D800792F5D /* QuestionDetailBodyView.swift in Sources */,
				F6BD36E227A233A300792F5D /* TopQuestionListViewModel.swift in Sources */,
				F6BD36E727A23E5800792F5D /* TopQuestionsFixedModel.swift in Sources */,
				F6BD36DC27A21B0F00792F5D /* QuestionDetailView.swift in Sources */,
				F6BD36CF27A2056D00792F5D /* CounterView.swift in Sources */,
				F6BD36D827A2108400792F5D /* TopQuestionsResponseModel.swift in Sources */,
			);
			runOnlyForDeploymentPostprocessing = 0;
		};
		F6BD36EB27A267CD00792F5D /* Sources */ = {
			isa = PBXSourcesBuildPhase;
			buildActionMask = 2147483647;
			files = (
				F6BD370127A2F85D00792F5D /* OracleCodeChallengeTests.swift in Sources */,
				F6BD36FD27A2F46500792F5D /* TopQuestionListViewModelMock.swift in Sources */,
				F6BD370527A2FEB100792F5D /* QuestionDetailViewModelMock.swift in Sources */,
				F6BD36FE27A2F4FA00792F5D /* TopQuestionListViewModelProtocol.swift in Sources */,
				F6BD36FF27A2F55900792F5D /* TopQuestionsFixedModel.swift in Sources */,
				F6BD370627A2FEED00792F5D /* QuestionDetailViewModelProtocol.swift in Sources */,
			);
			runOnlyForDeploymentPostprocessing = 0;
		};
/* End PBXSourcesBuildPhase section */

/* Begin PBXTargetDependency section */
		F6BD36F427A267CD00792F5D /* PBXTargetDependency */ = {
			isa = PBXTargetDependency;
			target = F6879F3527A1F3DC0022C3F0 /* Oracle Code Challenge */;
			targetProxy = F6BD36F327A267CD00792F5D /* PBXContainerItemProxy */;
		};
/* End PBXTargetDependency section */

/* Begin XCBuildConfiguration section */
		F6879F4227A1F3DC0022C3F0 /* Debug */ = {
			isa = XCBuildConfiguration;
			buildSettings = {
				ALWAYS_SEARCH_USER_PATHS = NO;
				CLANG_ANALYZER_NONNULL = YES;
				CLANG_ANALYZER_NUMBER_OBJECT_CONVERSION = YES_AGGRESSIVE;
				CLANG_CXX_LANGUAGE_STANDARD = "gnu++17";
				CLANG_CXX_LIBRARY = "libc++";
				CLANG_ENABLE_MODULES = YES;
				CLANG_ENABLE_OBJC_ARC = YES;
				CLANG_ENABLE_OBJC_WEAK = YES;
				CLANG_WARN_BLOCK_CAPTURE_AUTORELEASING = YES;
				CLANG_WARN_BOOL_CONVERSION = YES;
				CLANG_WARN_COMMA = YES;
				CLANG_WARN_CONSTANT_CONVERSION = YES;
				CLANG_WARN_DEPRECATED_OBJC_IMPLEMENTATIONS = YES;
				CLANG_WARN_DIRECT_OBJC_ISA_USAGE = YES_ERROR;
				CLANG_WARN_DOCUMENTATION_COMMENTS = YES;
				CLANG_WARN_EMPTY_BODY = YES;
				CLANG_WARN_ENUM_CONVERSION = YES;
				CLANG_WARN_INFINITE_RECURSION = YES;
				CLANG_WARN_INT_CONVERSION = YES;
				CLANG_WARN_NON_LITERAL_NULL_CONVERSION = YES;
				CLANG_WARN_OBJC_IMPLICIT_RETAIN_SELF = YES;
				CLANG_WARN_OBJC_LITERAL_CONVERSION = YES;
				CLANG_WARN_OBJC_ROOT_CLASS = YES_ERROR;
				CLANG_WARN_QUOTED_INCLUDE_IN_FRAMEWORK_HEADER = YES;
				CLANG_WARN_RANGE_LOOP_ANALYSIS = YES;
				CLANG_WARN_STRICT_PROTOTYPES = YES;
				CLANG_WARN_SUSPICIOUS_MOVE = YES;
				CLANG_WARN_UNGUARDED_AVAILABILITY = YES_AGGRESSIVE;
				CLANG_WARN_UNREACHABLE_CODE = YES;
				CLANG_WARN__DUPLICATE_METHOD_MATCH = YES;
				COPY_PHASE_STRIP = NO;
				DEBUG_INFORMATION_FORMAT = dwarf;
				ENABLE_STRICT_OBJC_MSGSEND = YES;
				ENABLE_TESTABILITY = YES;
				GCC_C_LANGUAGE_STANDARD = gnu11;
				GCC_DYNAMIC_NO_PIC = NO;
				GCC_NO_COMMON_BLOCKS = YES;
				GCC_OPTIMIZATION_LEVEL = 0;
				GCC_PREPROCESSOR_DEFINITIONS = (
					"DEBUG=1",
					"$(inherited)",
				);
				GCC_WARN_64_TO_32_BIT_CONVERSION = YES;
				GCC_WARN_ABOUT_RETURN_TYPE = YES_ERROR;
				GCC_WARN_UNDECLARED_SELECTOR = YES;
				GCC_WARN_UNINITIALIZED_AUTOS = YES_AGGRESSIVE;
				GCC_WARN_UNUSED_FUNCTION = YES;
				GCC_WARN_UNUSED_VARIABLE = YES;
				IPHONEOS_DEPLOYMENT_TARGET = 15.2;
				MTL_ENABLE_DEBUG_INFO = INCLUDE_SOURCE;
				MTL_FAST_MATH = YES;
				ONLY_ACTIVE_ARCH = YES;
				SDKROOT = iphoneos;
				SWIFT_ACTIVE_COMPILATION_CONDITIONS = DEBUG;
				SWIFT_OPTIMIZATION_LEVEL = "-Onone";
			};
			name = Debug;
		};
		F6879F4327A1F3DC0022C3F0 /* Release */ = {
			isa = XCBuildConfiguration;
			buildSettings = {
				ALWAYS_SEARCH_USER_PATHS = NO;
				CLANG_ANALYZER_NONNULL = YES;
				CLANG_ANALYZER_NUMBER_OBJECT_CONVERSION = YES_AGGRESSIVE;
				CLANG_CXX_LANGUAGE_STANDARD = "gnu++17";
				CLANG_CXX_LIBRARY = "libc++";
				CLANG_ENABLE_MODULES = YES;
				CLANG_ENABLE_OBJC_ARC = YES;
				CLANG_ENABLE_OBJC_WEAK = YES;
				CLANG_WARN_BLOCK_CAPTURE_AUTORELEASING = YES;
				CLANG_WARN_BOOL_CONVERSION = YES;
				CLANG_WARN_COMMA = YES;
				CLANG_WARN_CONSTANT_CONVERSION = YES;
				CLANG_WARN_DEPRECATED_OBJC_IMPLEMENTATIONS = YES;
				CLANG_WARN_DIRECT_OBJC_ISA_USAGE = YES_ERROR;
				CLANG_WARN_DOCUMENTATION_COMMENTS = YES;
				CLANG_WARN_EMPTY_BODY = YES;
				CLANG_WARN_ENUM_CONVERSION = YES;
				CLANG_WARN_INFINITE_RECURSION = YES;
				CLANG_WARN_INT_CONVERSION = YES;
				CLANG_WARN_NON_LITERAL_NULL_CONVERSION = YES;
				CLANG_WARN_OBJC_IMPLICIT_RETAIN_SELF = YES;
				CLANG_WARN_OBJC_LITERAL_CONVERSION = YES;
				CLANG_WARN_OBJC_ROOT_CLASS = YES_ERROR;
				CLANG_WARN_QUOTED_INCLUDE_IN_FRAMEWORK_HEADER = YES;
				CLANG_WARN_RANGE_LOOP_ANALYSIS = YES;
				CLANG_WARN_STRICT_PROTOTYPES = YES;
				CLANG_WARN_SUSPICIOUS_MOVE = YES;
				CLANG_WARN_UNGUARDED_AVAILABILITY = YES_AGGRESSIVE;
				CLANG_WARN_UNREACHABLE_CODE = YES;
				CLANG_WARN__DUPLICATE_METHOD_MATCH = YES;
				COPY_PHASE_STRIP = NO;
				DEBUG_INFORMATION_FORMAT = "dwarf-with-dsym";
				ENABLE_NS_ASSERTIONS = NO;
				ENABLE_STRICT_OBJC_MSGSEND = YES;
				GCC_C_LANGUAGE_STANDARD = gnu11;
				GCC_NO_COMMON_BLOCKS = YES;
				GCC_WARN_64_TO_32_BIT_CONVERSION = YES;
				GCC_WARN_ABOUT_RETURN_TYPE = YES_ERROR;
				GCC_WARN_UNDECLARED_SELECTOR = YES;
				GCC_WARN_UNINITIALIZED_AUTOS = YES_AGGRESSIVE;
				GCC_WARN_UNUSED_FUNCTION = YES;
				GCC_WARN_UNUSED_VARIABLE = YES;
				IPHONEOS_DEPLOYMENT_TARGET = 15.2;
				MTL_ENABLE_DEBUG_INFO = NO;
				MTL_FAST_MATH = YES;
				SDKROOT = iphoneos;
				SWIFT_COMPILATION_MODE = wholemodule;
				SWIFT_OPTIMIZATION_LEVEL = "-O";
				VALIDATE_PRODUCT = YES;
			};
			name = Release;
		};
		F6879F4527A1F3DC0022C3F0 /* Debug */ = {
			isa = XCBuildConfiguration;
			buildSettings = {
				ASSETCATALOG_COMPILER_APPICON_NAME = AppIcon;
				ASSETCATALOG_COMPILER_GLOBAL_ACCENT_COLOR_NAME = AccentColor;
				CODE_SIGN_STYLE = Automatic;
				CURRENT_PROJECT_VERSION = 1;
				DEVELOPMENT_ASSET_PATHS = "\"Oracle Code Challenge/Preview Content\"";
				ENABLE_PREVIEWS = YES;
				GENERATE_INFOPLIST_FILE = YES;
				INFOPLIST_KEY_UIApplicationSceneManifest_Generation = YES;
				INFOPLIST_KEY_UIApplicationSupportsIndirectInputEvents = YES;
				INFOPLIST_KEY_UILaunchScreen_Generation = YES;
				INFOPLIST_KEY_UISupportedInterfaceOrientations = UIInterfaceOrientationPortrait;
				INFOPLIST_KEY_UISupportedInterfaceOrientations_iPad = "UIInterfaceOrientationPortrait UIInterfaceOrientationPortraitUpsideDown UIInterfaceOrientationLandscapeLeft UIInterfaceOrientationLandscapeRight";
				INFOPLIST_KEY_UISupportedInterfaceOrientations_iPhone = "UIInterfaceOrientationPortrait UIInterfaceOrientationLandscapeLeft UIInterfaceOrientationLandscapeRight";
				LD_RUNPATH_SEARCH_PATHS = (
					"$(inherited)",
					"@executable_path/Frameworks",
				);
				MARKETING_VERSION = 1.0;
				PRODUCT_BUNDLE_IDENTIFIER = "Joel-Andre-Hernandez-Infante.Oracle-Code-Challenge";
				PRODUCT_NAME = "$(TARGET_NAME)";
				SWIFT_EMIT_LOC_STRINGS = YES;
				SWIFT_VERSION = 5.0;
				TARGETED_DEVICE_FAMILY = 1;
			};
			name = Debug;
		};
		F6879F4627A1F3DC0022C3F0 /* Release */ = {
			isa = XCBuildConfiguration;
			buildSettings = {
				ASSETCATALOG_COMPILER_APPICON_NAME = AppIcon;
				ASSETCATALOG_COMPILER_GLOBAL_ACCENT_COLOR_NAME = AccentColor;
				CODE_SIGN_STYLE = Automatic;
				CURRENT_PROJECT_VERSION = 1;
				DEVELOPMENT_ASSET_PATHS = "\"Oracle Code Challenge/Preview Content\"";
				ENABLE_PREVIEWS = YES;
				GENERATE_INFOPLIST_FILE = YES;
				INFOPLIST_KEY_UIApplicationSceneManifest_Generation = YES;
				INFOPLIST_KEY_UIApplicationSupportsIndirectInputEvents = YES;
				INFOPLIST_KEY_UILaunchScreen_Generation = YES;
				INFOPLIST_KEY_UISupportedInterfaceOrientations = UIInterfaceOrientationPortrait;
				INFOPLIST_KEY_UISupportedInterfaceOrientations_iPad = "UIInterfaceOrientationPortrait UIInterfaceOrientationPortraitUpsideDown UIInterfaceOrientationLandscapeLeft UIInterfaceOrientationLandscapeRight";
				INFOPLIST_KEY_UISupportedInterfaceOrientations_iPhone = "UIInterfaceOrientationPortrait UIInterfaceOrientationLandscapeLeft UIInterfaceOrientationLandscapeRight";
				LD_RUNPATH_SEARCH_PATHS = (
					"$(inherited)",
					"@executable_path/Frameworks",
				);
				MARKETING_VERSION = 1.0;
				PRODUCT_BUNDLE_IDENTIFIER = "Joel-Andre-Hernandez-Infante.Oracle-Code-Challenge";
				PRODUCT_NAME = "$(TARGET_NAME)";
				SWIFT_EMIT_LOC_STRINGS = YES;
				SWIFT_VERSION = 5.0;
				TARGETED_DEVICE_FAMILY = 1;
			};
			name = Release;
		};
		F6BD36F627A267CD00792F5D /* Debug */ = {
			isa = XCBuildConfiguration;
			buildSettings = {
				BUNDLE_LOADER = "$(TEST_HOST)";
				CODE_SIGN_STYLE = Automatic;
				CURRENT_PROJECT_VERSION = 1;
				GENERATE_INFOPLIST_FILE = YES;
				MARKETING_VERSION = 1.0;
				PRODUCT_BUNDLE_IDENTIFIER = "Joel-Andre-Hernandez-Infante.Oracle-Code-ChallengeTests";
				PRODUCT_NAME = "$(TARGET_NAME)";
				SWIFT_EMIT_LOC_STRINGS = NO;
				SWIFT_VERSION = 5.0;
				TARGETED_DEVICE_FAMILY = "1,2";
				TEST_HOST = "$(BUILT_PRODUCTS_DIR)/Oracle Code Challenge.app/Oracle Code Challenge";
			};
			name = Debug;
		};
		F6BD36F727A267CD00792F5D /* Release */ = {
			isa = XCBuildConfiguration;
			buildSettings = {
				BUNDLE_LOADER = "$(TEST_HOST)";
				CODE_SIGN_STYLE = Automatic;
				CURRENT_PROJECT_VERSION = 1;
				GENERATE_INFOPLIST_FILE = YES;
				MARKETING_VERSION = 1.0;
				PRODUCT_BUNDLE_IDENTIFIER = "Joel-Andre-Hernandez-Infante.Oracle-Code-ChallengeTests";
				PRODUCT_NAME = "$(TARGET_NAME)";
				SWIFT_EMIT_LOC_STRINGS = NO;
				SWIFT_VERSION = 5.0;
				TARGETED_DEVICE_FAMILY = "1,2";
				TEST_HOST = "$(BUILT_PRODUCTS_DIR)/Oracle Code Challenge.app/Oracle Code Challenge";
			};
			name = Release;
		};
/* End XCBuildConfiguration section */

/* Begin XCConfigurationList section */
		F6879F3127A1F3DC0022C3F0 /* Build configuration list for PBXProject "Oracle Code Challenge" */ = {
			isa = XCConfigurationList;
			buildConfigurations = (
				F6879F4227A1F3DC0022C3F0 /* Debug */,
				F6879F4327A1F3DC0022C3F0 /* Release */,
			);
			defaultConfigurationIsVisible = 0;
			defaultConfigurationName = Release;
		};
		F6879F4427A1F3DC0022C3F0 /* Build configuration list for PBXNativeTarget "Oracle Code Challenge" */ = {
			isa = XCConfigurationList;
			buildConfigurations = (
				F6879F4527A1F3DC0022C3F0 /* Debug */,
				F6879F4627A1F3DC0022C3F0 /* Release */,
			);
			defaultConfigurationIsVisible = 0;
			defaultConfigurationName = Release;
		};
		F6BD36F527A267CD00792F5D /* Build configuration list for PBXNativeTarget "Oracle Code ChallengeTests" */ = {
			isa = XCConfigurationList;
			buildConfigurations = (
				F6BD36F627A267CD00792F5D /* Debug */,
				F6BD36F727A267CD00792F5D /* Release */,
			);
			defaultConfigurationIsVisible = 0;
			defaultConfigurationName = Release;
		};
/* End XCConfigurationList section */
	};
	rootObject = F6879F2E27A1F3DC0022C3F0 /* Project object */;
}
